
Microsoft Visual Studio Solution File, Format Version 11.00
# Visual Studio 2010
Project("{FAE04EC0-301F-11D3-BF4B-00C04F79EFBC}") = "SharpArch.Features.RavenDb", "SharpArch.Features.RavenDb\SharpArch.Features.RavenDb.csproj", "{867D128C-E854-4B51-8040-0A1499A76820}"
EndProject
Global
	GlobalSection(SolutionConfigurationPlatforms) = preSolution
		Debug|Any CPU = Debug|Any CPU
		Release|Any CPU = Release|Any CPU
	EndGlobalSection
	GlobalSection(ProjectConfigurationPlatforms) = postSolution
		{867D128C-E854-4B51-8040-0A1499A76820}.Debug|Any CPU.ActiveCfg = Debug|Any CPU
		{867D128C-E854-4B51-8040-0A1499A76820}.Debug|Any CPU.Build.0 = Debug|Any CPU
		{867D128C-E854-4B51-8040-0A1499A76820}.Release|Any CPU.ActiveCfg = Release|Any CPU
		{867D128C-E854-4B51-8040-0A1499A76820}.Release|Any CPU.Build.0 = Release|Any CPU
	EndGlobalSection
	GlobalSection(SolutionProperties) = preSolution
		HideSolutionNode = FALSE
	EndGlobalSection
EndGlobal
